Microsoft Visual Studio Solution File, Format Version 12.00
# Visual Studio 15
VisualStudioVersion = 15.0.28307.902
MinimumVisualStudioVersion = 10.0.40219.1
Project("{FAE04EC0-301F-11D3-BF4B-00C04F79EFBC}") = "RSBLib", "RSBLib\RSBLib.csproj", "{2BB2AF62-3E5F-498F-AF1C-AFE45F412D90}"
EndProject
Project("{2150E333-8FDC-42A3-9474-1A3956D46DE8}") = "Solution Items", "Solution Items", "{E2808BE8-CB14-4401-9DD1-AD679A6F25BD}"
	ProjectSection(SolutionItems) = preProject
		..\CONTRIBUTING.md = ..\CONTRIBUTING.md
		..\LICENSE = ..\LICENSE
		..\README.md = ..\README.md
	EndProjectSection
EndProject
Project("{FAE04EC0-301F-11D3-BF4B-00C04F79EFBC}") = "RSGLib.Tests", "RSGLib.Tests\RSGLib.Tests.csproj", "{82760C6B-8ED2-4ADB-A971-D10DBD184AE5}"
EndProject
Project("{FAE04EC0-301F-11D3-BF4B-00C04F79EFBC}") = "RSBLib.Benchmarks", "RSBLib.Benchmarks\RSBLib.Benchmarks.csproj", "{2F57574E-9A39-4BBA-B14C-EE763C6AC156}"
EndProject
Global
	GlobalSection(SolutionConfigurationPlatforms) = preSolution
		Debug|Any CPU = Debug|Any CPU
		Release|Any CPU = Release|Any CPU
	EndGlobalSection
	GlobalSection(ProjectConfigurationPlatforms) = postSolution
		{2BB2AF62-3E5F-498F-AF1C-AFE45F412D90}.Debug|Any CPU.ActiveCfg = Debug|Any CPU
		{2BB2AF62-3E5F-498F-AF1C-AFE45F412D90}.Debug|Any CPU.Build.0 = Debug|Any CPU
		{2BB2AF62-3E5F-498F-AF1C-AFE45F412D90}.Release|Any CPU.ActiveCfg = Release|Any CPU
		{2BB2AF62-3E5F-498F-AF1C-AFE45F412D90}.Release|Any CPU.Build.0 = Release|Any CPU
		{82760C6B-8ED2-4ADB-A971-D10DBD184AE5}.Debug|Any CPU.ActiveCfg = Debug|Any CPU
		{82760C6B-8ED2-4ADB-A971-D10DBD184AE5}.Debug|Any CPU.Build.0 = Debug|Any CPU
		{82760C6B-8ED2-4ADB-A971-D10DBD184AE5}.Release|Any CPU.ActiveCfg = Release|Any CPU
		{82760C6B-8ED2-4ADB-A971-D10DBD184AE5}.Release|Any CPU.Build.0 = Release|Any CPU
		{2F57574E-9A39-4BBA-B14C-EE763C6AC156}.Debug|Any CPU.ActiveCfg = Debug|Any CPU
		{2F57574E-9A39-4BBA-B14C-EE763C6AC156}.Debug|Any CPU.Build.0 = Debug|Any CPU
		{2F57574E-9A39-4BBA-B14C-EE763C6AC156}.Release|Any CPU.ActiveCfg = Release|Any CPU
		{2F57574E-9A39-4BBA-B14C-EE763C6AC156}.Release|Any CPU.Build.0 = Release|Any CPU
	EndGlobalSection
	GlobalSection(SolutionProperties) = preSolution
		HideSolutionNode = FALSE
	EndGlobalSection
	GlobalSection(ExtensibilityGlobals) = postSolution
		SolutionGuid = {7B114FA9-791A-4753-A053-8887507B862A}
	EndGlobalSection
EndGlobal
